
Microsoft Visual Studio Solution File, Format Version 12.00
# Visual Studio Version 16
VisualStudioVersion = 16.0.31702.278
MinimumVisualStudioVersion = 10.0.40219.1
Project("{9A19103F-16F7-4668-BE54-9A1E7A4F7556}") = "RandomDotnetCoreApp", "RandomDotnetCoreApp.csproj", "{6748D4FC-F284-4712-9934-F6C80C439E4D}"
EndProject
Global
	GlobalSection(SolutionConfigurationPlatforms) = preSolution
		Debug|Any CPU = Debug|Any CPU
		Release|Any CPU = Release|Any CPU
	EndGlobalSection
	GlobalSection(ProjectConfigurationPlatforms) = postSolution
		{6748D4FC-F284-4712-9934-F6C80C439E4D}.Debug|Any CPU.ActiveCfg = Debug|Any CPU
		{6748D4FC-F284-4712-9934-F6C80C439E4D}.Debug|Any CPU.Build.0 = Debug|Any CPU
		{6748D4FC-F284-4712-9934-F6C80C439E4D}.Release|Any CPU.ActiveCfg = Release|Any CPU
		{6748D4FC-F284-4712-9934-F6C80C439E4D}.Release|Any CPU.Build.0 = Release|Any CPU
	EndGlobalSection
	GlobalSection(SolutionProperties) = preSolution
		HideSolutionNode = FALSE
	EndGlobalSection
	GlobalSection(ExtensibilityGlobals) = postSolution
		SolutionGuid = {1CD6394A-7496-4530-9D40-20ECFD22FA96}
	EndGlobalSection
EndGlobal
